{
  "meteor": {},
  "dependencies": {
    "basePackages": {
      "jquery-mousewheel": {}
    },
    "packages": {
      "jquery-mousewheel": {
        "git": "https://github.com/sslotsky/meteor-jquery-mousewheel.git",
        "tag": "v0.1.0",
        "commit": "357e12cbe3bdcec1c3d1bff4b13b191d75acc973"
      }
    }
  }
}
